
Microsoft Visual Studio Solution File, Format Version 12.00
# Visual Studio Version 17
VisualStudioVersion = 17.2.32602.215
MinimumVisualStudioVersion = 10.0.40219.1
Project("{FAE04EC0-301F-11D3-BF4B-00C04F79EFBC}") = "ArraysStringIntObJ", "ArraysStringIntObJ\ArraysStringIntObJ.csproj", "{2008B4F6-B59B-4D36-888C-8FB99365473E}"
EndProject
Global
	GlobalSection(SolutionConfigurationPlatforms) = preSolution
		Debug|Any CPU = Debug|Any CPU
		Release|Any CPU = Release|Any CPU
	EndGlobalSection
	GlobalSection(ProjectConfigurationPlatforms) = postSolution
		{2008B4F6-B59B-4D36-888C-8FB99365473E}.Debug|Any CPU.ActiveCfg = Debug|Any CPU
		{2008B4F6-B59B-4D36-888C-8FB99365473E}.Debug|Any CPU.Build.0 = Debug|Any CPU
		{2008B4F6-B59B-4D36-888C-8FB99365473E}.Release|Any CPU.ActiveCfg = Release|Any CPU
		{2008B4F6-B59B-4D36-888C-8FB99365473E}.Release|Any CPU.Build.0 = Release|Any CPU
	EndGlobalSection
	GlobalSection(SolutionProperties) = preSolution
		HideSolutionNode = FALSE
	EndGlobalSection
	GlobalSection(ExtensibilityGlobals) = postSolution
		SolutionGuid = {7FB7509B-5151-4F89-A12B-70C42F559A75}
	EndGlobalSection
EndGlobal
