
Microsoft Visual Studio Solution File, Format Version 12.00
# Visual Studio Version 17
VisualStudioVersion = 17.2.32602.215
MinimumVisualStudioVersion = 10.0.40219.1
Project("{FAE04EC0-301F-11D3-BF4B-00C04F79EFBC}") = "Herencias", "Herencias\Herencias.csproj", "{C77438F5-2E11-4E1A-A9E0-EE2FD8530F78}"
EndProject
Global
	GlobalSection(SolutionConfigurationPlatforms) = preSolution
		Debug|Any CPU = Debug|Any CPU
		Release|Any CPU = Release|Any CPU
	EndGlobalSection
	GlobalSection(ProjectConfigurationPlatforms) = postSolution
		{C77438F5-2E11-4E1A-A9E0-EE2FD8530F78}.Debug|Any CPU.ActiveCfg = Debug|Any CPU
		{C77438F5-2E11-4E1A-A9E0-EE2FD8530F78}.Debug|Any CPU.Build.0 = Debug|Any CPU
		{C77438F5-2E11-4E1A-A9E0-EE2FD8530F78}.Release|Any CPU.ActiveCfg = Release|Any CPU
		{C77438F5-2E11-4E1A-A9E0-EE2FD8530F78}.Release|Any CPU.Build.0 = Release|Any CPU
	EndGlobalSection
	GlobalSection(SolutionProperties) = preSolution
		HideSolutionNode = FALSE
	EndGlobalSection
	GlobalSection(ExtensibilityGlobals) = postSolution
		SolutionGuid = {CF3EFA93-034F-4355-AC47-FC9FD1EF28FE}
	EndGlobalSection
EndGlobal
